// !$*UTF8*$!
{
	archiveVersion = 1;
	classes = {
	};
	objectVersion = 46;
	objects = {

/* Begin PBXBuildFile section */
		62EAF2D51D6AE2AE00AA2F71 /* main.m in Sources */ = {isa = PBXBuildFile; fileRef = 62EAF2D41D6AE2AE00AA2F71 /* main.m */; };
		62EAF2D81D6AE2AE00AA2F71 /* AppDelegate.m in Sources */ = {isa = PBXBuildFile; fileRef = 62EAF2D71D6AE2AE00AA2F71 /* AppDelegate.m */; };
		62EAF2DB1D6AE2AE00AA2F71 /* ViewController.m in Sources */ = {isa = PBXBuildFile; fileRef = 62EAF2DA1D6AE2AE00AA2F71 /* ViewController.m */; };
		62EAF2DE1D6AE2AE00AA2F71 /* Main.storyboard in Resources */ = {isa = PBXBuildFile; fileRef = 62EAF2DC1D6AE2AE00AA2F71 /* Main.storyboard */; };
		62EAF2E01D6AE2AE00AA2F71 /* Assets.xcassets in Resources */ = {isa = PBXBuildFile; fileRef = 62EAF2DF1D6AE2AE00AA2F71 /* Assets.xcassets */; };
		62EAF2E31D6AE2AE00AA2F71 /* LaunchScreen.storyboard in Resources */ = {isa = PBXBuildFile; fileRef = 62EAF2E11D6AE2AE00AA2F71 /* LaunchScreen.storyboard */; };
		62EAF2EE1D6AE2AE00AA2F71 /* HCTableViewSectionIndexTests.m in Sources */ = {isa = PBXBuildFile; fileRef = 62EAF2ED1D6AE2AE00AA2F71 /* HCTableViewSectionIndexTests.m */; };
		62EAF2F91D6AE2AE00AA2F71 /* HCTableViewSectionIndexUITests.m in Sources */ = {isa = PBXBuildFile; fileRef = 62EAF2F81D6AE2AE00AA2F71 /* HCTableViewSectionIndexUITests.m */; };
		62EAF30A1D6AE50100AA2F71 /* NSString+Spell.m in Sources */ = {isa = PBXBuildFile; fileRef = 62EAF3091D6AE50100AA2F71 /* NSString+Spell.m */; };
		62EAF30D1D6AE69200AA2F71 /* SpellDataHelper.m in Sources */ = {isa = PBXBuildFile; fileRef = 62EAF30C1D6AE69200AA2F71 /* SpellDataHelper.m */; };
		62EAF32A1D6AEBDE00AA2F71 /* JSONModel.m in Sources */ = {isa = PBXBuildFile; fileRef = 62EAF3131D6AEBDE00AA2F71 /* JSONModel.m */; };
		62EAF32B1D6AEBDE00AA2F71 /* JSONModelArray.m in Sources */ = {isa = PBXBuildFile; fileRef = 62EAF3151D6AEBDE00AA2F71 /* JSONModelArray.m */; };
		62EAF32C1D6AEBDE00AA2F71 /* JSONModelClassProperty.m in Sources */ = {isa = PBXBuildFile; fileRef = 62EAF3171D6AEBDE00AA2F71 /* JSONModelClassProperty.m */; };
		62EAF32D1D6AEBDE00AA2F71 /* JSONModelError.m in Sources */ = {isa = PBXBuildFile; fileRef = 62EAF3191D6AEBDE00AA2F71 /* JSONModelError.m */; };
		62EAF32E1D6AEBDE00AA2F71 /* NSArray+JSONModel.m in Sources */ = {isa = PBXBuildFile; fileRef = 62EAF31C1D6AEBDE00AA2F71 /* NSArray+JSONModel.m */; };
		62EAF32F1D6AEBDE00AA2F71 /* JSONAPI.m in Sources */ = {isa = PBXBuildFile; fileRef = 62EAF3201D6AEBDE00AA2F71 /* JSONAPI.m */; };
		62EAF3301D6AEBDE00AA2F71 /* JSONHTTPClient.m in Sources */ = {isa = PBXBuildFile; fileRef = 62EAF3221D6AEBDE00AA2F71 /* JSONHTTPClient.m */; };
		62EAF3311D6AEBDE00AA2F71 /* JSONModel+networking.m in Sources */ = {isa = PBXBuildFile; fileRef = 62EAF3241D6AEBDE00AA2F71 /* JSONModel+networking.m */; };
		62EAF3321D6AEBDE00AA2F71 /* JSONKeyMapper.m in Sources */ = {isa = PBXBuildFile; fileRef = 62EAF3271D6AEBDE00AA2F71 /* JSONKeyMapper.m */; };
		62EAF3331D6AEBDE00AA2F71 /* JSONValueTransformer.m in Sources */ = {isa = PBXBuildFile; fileRef = 62EAF3291D6AEBDE00AA2F71 /* JSONValueTransformer.m */; };
		62EAF3361D6AEC0500AA2F71 /* YourModel.m in Sources */ = {isa = PBXBuildFile; fileRef = 62EAF3351D6AEC0500AA2F71 /* YourModel.m */; };
		62EAF3391D6AFF5900AA2F71 /* 1.png in Resources */ = {isa = PBXBuildFile; fileRef = 62EAF3381D6AFF5900AA2F71 /* 1.png */; };
/* End PBXBuildFile section */

/* Begin PBXContainerItemProxy section */
		62EAF2EA1D6AE2AE00AA2F71 /* PBXContainerItemProxy */ = {
			isa = PBXContainerItemProxy;
			containerPortal = 62EAF2C81D6AE2AE00AA2F71 /* Project object */;
			proxyType = 1;
			remoteGlobalIDString = 62EAF2CF1D6AE2AE00AA2F71;
			remoteInfo = HCTableViewSectionIndex;
		};
		62EAF2F51D6AE2AE00AA2F71 /* PBXContainerItemProxy */ = {
			isa = PBXContainerItemProxy;
			containerPortal = 62EAF2C81D6AE2AE00AA2F71 /* Project object */;
			proxyType = 1;
			remoteGlobalIDString = 62EAF2CF1D6AE2AE00AA2F71;
			remoteInfo = HCTableViewSectionIndex;
		};
/* End PBXContainerItemProxy section */

/* Begin PBXFileReference section */
		62EAF2D01D6AE2AE00AA2F71 /* HCTableViewSectionIndex.app */ = {isa = PBXFileReference; explicitFileType = wrapper.application; includeInIndex = 0; path = HCTableViewSectionIndex.app; sourceTree = BUILT_PRODUCTS_DIR; };
		62EAF2D41D6AE2AE00AA2F71 /* main.m */ = {isa = PBXFileReference; lastKnownFileType = sourcecode.c.objc; path = main.m; sourceTree = "<group>"; };
		62EAF2D61D6AE2AE00AA2F71 /* AppDelegate.h */ = {isa = PBXFileReference; lastKnownFileType = sourcecode.c.h; path = AppDelegate.h; sourceTree = "<group>"; };
		62EAF2D71D6AE2AE00AA2F71 /* AppDelegate.m */ = {isa = PBXFileReference; lastKnownFileType = sourcecode.c.objc; path = AppDelegate.m; sourceTree = "<group>"; };
		62EAF2D91D6AE2AE00AA2F71 /* ViewController.h */ = {isa = PBXFileReference; lastKnownFileType = sourcecode.c.h; path = ViewController.h; sourceTree = "<group>"; };
		62EAF2DA1D6AE2AE00AA2F71 /* ViewController.m */ = {isa = PBXFileReference; lastKnownFileType = sourcecode.c.objc; path = ViewController.m; sourceTree = "<group>"; };
		62EAF2DD1D6AE2AE00AA2F71 /* Base */ = {isa = PBXFileReference; lastKnownFileType = file.storyboard; name = Base; path = Base.lproj/Main.storyboard; sourceTree = "<group>"; };
		62EAF2DF1D6AE2AE00AA2F71 /* Assets.xcassets */ = {isa = PBXFileReference; lastKnownFileType = folder.assetcatalog; path = Assets.xcassets; sourceTree = "<group>"; };
		62EAF2E21D6AE2AE00AA2F71 /* Base */ = {isa = PBXFileReference; lastKnownFileType = file.storyboard; name = Base; path = Base.lproj/LaunchScreen.storyboard; sourceTree = "<group>"; };
		62EAF2E41D6AE2AE00AA2F71 /* Info.plist */ = {isa = PBXFileReference; lastKnownFileType = text.plist.xml; path = Info.plist; sourceTree = "<group>"; };
		62EAF2E91D6AE2AE00AA2F71 /* HCTableViewSectionIndexTests.xctest */ = {isa = PBXFileReference; explicitFileType = wrapper.cfbundle; includeInIndex = 0; path = HCTableViewSectionIndexTests.xctest; sourceTree = BUILT_PRODUCTS_DIR; };
		62EAF2ED1D6AE2AE00AA2F71 /* HCTableViewSectionIndexTests.m */ = {isa = PBXFileReference; lastKnownFileType = sourcecode.c.objc; path = HCTableViewSectionIndexTests.m; sourceTree = "<group>"; };
		62EAF2EF1D6AE2AE00AA2F71 /* Info.plist */ = {isa = PBXFileReference; lastKnownFileType = text.plist.xml; path = Info.plist; sourceTree = "<group>"; };
		62EAF2F41D6AE2AE00AA2F71 /* HCTableViewSectionIndexUITests.xctest */ = {isa = PBXFileReference; explicitFileType = wrapper.cfbundle; includeInIndex = 0; path = HCTableViewSectionIndexUITests.xctest; sourceTree = BUILT_PRODUCTS_DIR; };
		62EAF2F81D6AE2AE00AA2F71 /* HCTableViewSectionIndexUITests.m */ = {isa = PBXFileReference; lastKnownFileType = sourcecode.c.objc; path = HCTableViewSectionIndexUITests.m; sourceTree = "<group>"; };
		62EAF2FA1D6AE2AE00AA2F71 /* Info.plist */ = {isa = PBXFileReference; lastKnownFileType = text.plist.xml; path = Info.plist; sourceTree = "<group>"; };
		62EAF3081D6AE50100AA2F71 /* NSString+Spell.h */ = {isa = PBXFileReference; fileEncoding = 4; lastKnownFileType = sourcecode.c.h; path = "NSString+Spell.h"; sourceTree = "<group>"; };
		62EAF3091D6AE50100AA2F71 /* NSString+Spell.m */ = {isa = PBXFileReference; fileEncoding = 4; lastKnownFileType = sourcecode.c.objc; path = "NSString+Spell.m"; sourceTree = "<group>"; };
		62EAF30B1D6AE69200AA2F71 /* SpellDataHelper.h */ = {isa = PBXFileReference; fileEncoding = 4; lastKnownFileType = sourcecode.c.h; path = SpellDataHelper.h; sourceTree = "<group>"; };
		62EAF30C1D6AE69200AA2F71 /* SpellDataHelper.m */ = {isa = PBXFileReference; fileEncoding = 4; lastKnownFileType = sourcecode.c.objc; path = SpellDataHelper.m; sourceTree = "<group>"; };
		62EAF3121D6AEBDE00AA2F71 /* JSONModel.h */ = {isa = PBXFileReference; fileEncoding = 4; lastKnownFileType = sourcecode.c.h; path = JSONModel.h; sourceTree = "<group>"; };
		62EAF3131D6AEBDE00AA2F71 /* JSONModel.m */ = {isa = PBXFileReference; fileEncoding = 4; lastKnownFileType = sourcecode.c.objc; path = JSONModel.m; sourceTree = "<group>"; };
		62EAF3141D6AEBDE00AA2F71 /* JSONModelArray.h */ = {isa = PBXFileReference; fileEncoding = 4; lastKnownFileType = sourcecode.c.h; path = JSONModelArray.h; sourceTree = "<group>"; };
		62EAF3151D6AEBDE00AA2F71 /* JSONModelArray.m */ = {isa = PBXFileReference; fileEncoding = 4; lastKnownFileType = sourcecode.c.objc; path = JSONModelArray.m; sourceTree = "<group>"; };
		62EAF3161D6AEBDE00AA2F71 /* JSONModelClassProperty.h */ = {isa = PBXFileReference; fileEncoding = 4; lastKnownFileType = sourcecode.c.h; path = JSONModelClassProperty.h; sourceTree = "<group>"; };
		62EAF3171D6AEBDE00AA2F71 /* JSONModelClassProperty.m */ = {isa = PBXFileReference; fileEncoding = 4; lastKnownFileType = sourcecode.c.objc; path = JSONModelClassProperty.m; sourceTree = "<group>"; };
		62EAF3181D6AEBDE00AA2F71 /* JSONModelError.h */ = {isa = PBXFileReference; fileEncoding = 4; lastKnownFileType = sourcecode.c.h; path = JSONModelError.h; sourceTree = "<group>"; };
		62EAF3191D6AEBDE00AA2F71 /* JSONModelError.m */ = {isa = PBXFileReference; fileEncoding = 4; lastKnownFileType = sourcecode.c.objc; path = JSONModelError.m; sourceTree = "<group>"; };
		62EAF31B1D6AEBDE00AA2F71 /* NSArray+JSONModel.h */ = {isa = PBXFileReference; fileEncoding = 4; lastKnownFileType = sourcecode.c.h; path = "NSArray+JSONModel.h"; sourceTree = "<group>"; };
		62EAF31C1D6AEBDE00AA2F71 /* NSArray+JSONModel.m */ = {isa = PBXFileReference; fileEncoding = 4; lastKnownFileType = sourcecode.c.objc; path = "NSArray+JSONModel.m"; sourceTree = "<group>"; };
		62EAF31D1D6AEBDE00AA2F71 /* JSONModelLib.h */ = {isa = PBXFileReference; fileEncoding = 4; lastKnownFileType = sourcecode.c.h; path = JSONModelLib.h; sourceTree = "<group>"; };
		62EAF31F1D6AEBDE00AA2F71 /* JSONAPI.h */ = {isa = PBXFileReference; fileEncoding = 4; lastKnownFileType = sourcecode.c.h; path = JSONAPI.h; sourceTree = "<group>"; };
		62EAF3201D6AEBDE00AA2F71 /* JSONAPI.m */ = {isa = PBXFileReference; fileEncoding = 4; lastKnownFileType = sourcecode.c.objc; path = JSONAPI.m; sourceTree = "<group>"; };
		62EAF3211D6AEBDE00AA2F71 /* JSONHTTPClient.h */ = {isa = PBXFileReference; fileEncoding = 4; lastKnownFileType = sourcecode.c.h; path = JSONHTTPClient.h; sourceTree = "<group>"; };
		62EAF3221D6AEBDE00AA2F71 /* JSONHTTPClient.m */ = {isa = PBXFileReference; fileEncoding = 4; lastKnownFileType = sourcecode.c.objc; path = JSONHTTPClient.m; sourceTree = "<group>"; };
		62EAF3231D6AEBDE00AA2F71 /* JSONModel+networking.h */ = {isa = PBXFileReference; fileEncoding = 4; lastKnownFileType = sourcecode.c.h; path = "JSONModel+networking.h"; sourceTree = "<group>"; };
		62EAF3241D6AEBDE00AA2F71 /* JSONModel+networking.m */ = {isa = PBXFileReference; fileEncoding = 4; lastKnownFileType = sourcecode.c.objc; path = "JSONModel+networking.m"; sourceTree = "<group>"; };
		62EAF3261D6AEBDE00AA2F71 /* JSONKeyMapper.h */ = {isa = PBXFileReference; fileEncoding = 4; lastKnownFileType = sourcecode.c.h; path = JSONKeyMapper.h; sourceTree = "<group>"; };
		62EAF3271D6AEBDE00AA2F71 /* JSONKeyMapper.m */ = {isa = PBXFileReference; fileEncoding = 4; lastKnownFileType = sourcecode.c.objc; path = JSONKeyMapper.m; sourceTree = "<group>"; };
		62EAF3281D6AEBDE00AA2F71 /* JSONValueTransformer.h */ = {isa = PBXFileReference; fileEncoding = 4; lastKnownFileType = sourcecode.c.h; path = JSONValueTransformer.h; sourceTree = "<group>"; };
		62EAF3291D6AEBDE00AA2F71 /* JSONValueTransformer.m */ = {isa = PBXFileReference; fileEncoding = 4; lastKnownFileType = sourcecode.c.objc; path = JSONValueTransformer.m; sourceTree = "<group>"; };
		62EAF3341D6AEC0500AA2F71 /* YourModel.h */ = {isa = PBXFileReference; fileEncoding = 4; lastKnownFileType = sourcecode.c.h; path = YourModel.h; sourceTree = "<group>"; };
		62EAF3351D6AEC0500AA2F71 /* YourModel.m */ = {isa = PBXFileReference; fileEncoding = 4; lastKnownFileType = sourcecode.c.objc; path = YourModel.m; sourceTree = "<group>"; };
		62EAF3381D6AFF5900AA2F71 /* 1.png */ = {isa = PBXFileReference; lastKnownFileType = image.png; path = 1.png; sourceTree = "<group>"; };
/* End PBXFileReference section */

/* Begin PBXFrameworksBuildPhase section */
		62EAF2CD1D6AE2AE00AA2F71 /* Frameworks */ = {
			isa = PBXFrameworksBuildPhase;
			buildActionMask = 2147483647;
			files = (
			);
			runOnlyForDeploymentPostprocessing = 0;
		};
		62EAF2E61D6AE2AE00AA2F71 /* Frameworks */ = {
			isa = PBXFrameworksBuildPhase;
			buildActionMask = 2147483647;
			files = (
			);
			runOnlyForDeploymentPostprocessing = 0;
		};
		62EAF2F11D6AE2AE00AA2F71 /* Frameworks */ = {
			isa = PBXFrameworksBuildPhase;
			buildActionMask = 2147483647;
			files = (
			);
			runOnlyForDeploymentPostprocessing = 0;
		};
/* End PBXFrameworksBuildPhase section */

/* Begin PBXGroup section */
		62EAF2C71D6AE2AE00AA2F71 = {
			isa = PBXGroup;
			children = (
				62EAF2D21D6AE2AE00AA2F71 /* HCTableViewSectionIndex */,
				62EAF2EC1D6AE2AE00AA2F71 /* HCTableViewSectionIndexTests */,
				62EAF2F71D6AE2AE00AA2F71 /* HCTableViewSectionIndexUITests */,
				62EAF2D11D6AE2AE00AA2F71 /* Products */,
			);
			sourceTree = "<group>";
		};
		62EAF2D11D6AE2AE00AA2F71 /* Products */ = {
			isa = PBXGroup;
			children = (
				62EAF2D01D6AE2AE00AA2F71 /* HCTableViewSectionIndex.app */,
				62EAF2E91D6AE2AE00AA2F71 /* HCTableViewSectionIndexTests.xctest */,
				62EAF2F41D6AE2AE00AA2F71 /* HCTableViewSectionIndexUITests.xctest */,
			);
			name = Products;
			sourceTree = "<group>";
		};
		62EAF2D21D6AE2AE00AA2F71 /* HCTableViewSectionIndex */ = {
			isa = PBXGroup;
			children = (
				62EAF3381D6AFF5900AA2F71 /* 1.png */,
				62EAF2D61D6AE2AE00AA2F71 /* AppDelegate.h */,
				62EAF2D71D6AE2AE00AA2F71 /* AppDelegate.m */,
				62EAF2D91D6AE2AE00AA2F71 /* ViewController.h */,
				62EAF2DA1D6AE2AE00AA2F71 /* ViewController.m */,
				62EAF3101D6AEB7E00AA2F71 /* 3rd */,
				62EAF3071D6AE45100AA2F71 /* Tool */,
				62EAF30F1D6AEB6200AA2F71 /* Model */,
				62EAF2DC1D6AE2AE00AA2F71 /* Main.storyboard */,
				62EAF2DF1D6AE2AE00AA2F71 /* Assets.xcassets */,
				62EAF2E11D6AE2AE00AA2F71 /* LaunchScreen.storyboard */,
				62EAF2E41D6AE2AE00AA2F71 /* Info.plist */,
				62EAF2D31D6AE2AE00AA2F71 /* Supporting Files */,
			);
			path = HCTableViewSectionIndex;
			sourceTree = "<group>";
		};
		62EAF2D31D6AE2AE00AA2F71 /* Supporting Files */ = {
			isa = PBXGroup;
			children = (
				62EAF2D41D6AE2AE00AA2F71 /* main.m */,
			);
			name = "Supporting Files";
			sourceTree = "<group>";
		};
		62EAF2EC1D6AE2AE00AA2F71 /* HCTableViewSectionIndexTests */ = {
			isa = PBXGroup;
			children = (
				62EAF2ED1D6AE2AE00AA2F71 /* HCTableViewSectionIndexTests.m */,
				62EAF2EF1D6AE2AE00AA2F71 /* Info.plist */,
			);
			path = HCTableViewSectionIndexTests;
			sourceTree = "<group>";
		};
		62EAF2F71D6AE2AE00AA2F71 /* HCTableViewSectionIndexUITests */ = {
			isa = PBXGroup;
			children = (
				62EAF2F81D6AE2AE00AA2F71 /* HCTableViewSectionIndexUITests.m */,
				62EAF2FA1D6AE2AE00AA2F71 /* Info.plist */,
			);
			path = HCTableViewSectionIndexUITests;
			sourceTree = "<group>";
		};
		62EAF3071D6AE45100AA2F71 /* Tool */ = {
			isa = PBXGroup;
			children = (
				62EAF3081D6AE50100AA2F71 /* NSString+Spell.h */,
				62EAF3091D6AE50100AA2F71 /* NSString+Spell.m */,
				62EAF30B1D6AE69200AA2F71 /* SpellDataHelper.h */,
				62EAF30C1D6AE69200AA2F71 /* SpellDataHelper.m */,
			);
			path = Tool;
			sourceTree = "<group>";
		};
		62EAF30F1D6AEB6200AA2F71 /* Model */ = {
			isa = PBXGroup;
			children = (
				62EAF3341D6AEC0500AA2F71 /* YourModel.h */,
				62EAF3351D6AEC0500AA2F71 /* YourModel.m */,
			);
			path = Model;
			sourceTree = "<group>";
		};
		62EAF3101D6AEB7E00AA2F71 /* 3rd */ = {
			isa = PBXGroup;
			children = (
				62EAF3111D6AEBDE00AA2F71 /* JSONModel */,
				62EAF31A1D6AEBDE00AA2F71 /* JSONModelCategories */,
				62EAF31D1D6AEBDE00AA2F71 /* JSONModelLib.h */,
				62EAF31E1D6AEBDE00AA2F71 /* JSONModelNetworking */,
				62EAF3251D6AEBDE00AA2F71 /* JSONModelTransformations */,
			);
			path = 3rd;
			sourceTree = "<group>";
		};
		62EAF3111D6AEBDE00AA2F71 /* JSONModel */ = {
			isa = PBXGroup;
			children = (
				62EAF3121D6AEBDE00AA2F71 /* JSONModel.h */,
				62EAF3131D6AEBDE00AA2F71 /* JSONModel.m */,
				62EAF3141D6AEBDE00AA2F71 /* JSONModelArray.h */,
				62EAF3151D6AEBDE00AA2F71 /* JSONModelArray.m */,
				62EAF3161D6AEBDE00AA2F71 /* JSONModelClassProperty.h */,
				62EAF3171D6AEBDE00AA2F71 /* JSONModelClassProperty.m */,
				62EAF3181D6AEBDE00AA2F71 /* JSONModelError.h */,
				62EAF3191D6AEBDE00AA2F71 /* JSONModelError.m */,
			);
			path = JSONModel;
			sourceTree = "<group>";
		};
		62EAF31A1D6AEBDE00AA2F71 /* JSONModelCategories */ = {
			isa = PBXGroup;
			children = (
				62EAF31B1D6AEBDE00AA2F71 /* NSArray+JSONModel.h */,
				62EAF31C1D6AEBDE00AA2F71 /* NSArray+JSONModel.m */,
			);
			path = JSONModelCategories;
			sourceTree = "<group>";
		};
		62EAF31E1D6AEBDE00AA2F71 /* JSONModelNetworking */ = {
			isa = PBXGroup;
			children = (
				62EAF31F1D6AEBDE00AA2F71 /* JSONAPI.h */,
				62EAF3201D6AEBDE00AA2F71 /* JSONAPI.m */,
				62EAF3211D6AEBDE00AA2F71 /* JSONHTTPClient.h */,
				62EAF3221D6AEBDE00AA2F71 /* JSONHTTPClient.m */,
				62EAF3231D6AEBDE00AA2F71 /* JSONModel+networking.h */,
				62EAF3241D6AEBDE00AA2F71 /* JSONModel+networking.m */,
			);
			path = JSONModelNetworking;
			sourceTree = "<group>";
		};
		62EAF3251D6AEBDE00AA2F71 /* JSONModelTransformations */ = {
			isa = PBXGroup;
			children = (
				62EAF3261D6AEBDE00AA2F71 /* JSONKeyMapper.h */,
				62EAF3271D6AEBDE00AA2F71 /* JSONKeyMapper.m */,
				62EAF3281D6AEBDE00AA2F71 /* JSONValueTransformer.h */,
				62EAF3291D6AEBDE00AA2F71 /* JSONValueTransformer.m */,
			);
			path = JSONModelTransformations;
			sourceTree = "<group>";
		};
/* End PBXGroup section */

/* Begin PBXNativeTarget section */
		62EAF2CF1D6AE2AE00AA2F71 /* HCTableViewSectionIndex */ = {
			isa = PBXNativeTarget;
			buildConfigurationList = 62EAF2FD1D6AE2AE00AA2F71 /* Build configuration list for PBXNativeTarget "HCTableViewSectionIndex" */;
			buildPhases = (
				62EAF2CC1D6AE2AE00AA2F71 /* Sources */,
				62EAF2CD1D6AE2AE00AA2F71 /* Frameworks */,
				62EAF2CE1D6AE2AE00AA2F71 /* Resources */,
			);
			buildRules = (
			);
			dependencies = (
			);
			name = HCTableViewSectionIndex;
			productName = HCTableViewSectionIndex;
			productReference = 62EAF2D01D6AE2AE00AA2F71 /* HCTableViewSectionIndex.app */;
			productType = "com.apple.product-type.application";
		};
		62EAF2E81D6AE2AE00AA2F71 /* HCTableViewSectionIndexTests */ = {
			isa = PBXNativeTarget;
			buildConfigurationList = 62EAF3001D6AE2AE00AA2F71 /* Build configuration list for PBXNativeTarget "HCTableViewSectionIndexTests" */;
			buildPhases = (
				62EAF2E51D6AE2AE00AA2F71 /* Sources */,
				62EAF2E61D6AE2AE00AA2F71 /* Frameworks */,
				62EAF2E71D6AE2AE00AA2F71 /* Resources */,
			);
			buildRules = (
			);
			dependencies = (
				62EAF2EB1D6AE2AE00AA2F71 /* PBXTargetDependency */,
			);
			name = HCTableViewSectionIndexTests;
			productName = HCTableViewSectionIndexTests;
			productReference = 62EAF2E91D6AE2AE00AA2F71 /* HCTableViewSectionIndexTests.xctest */;
			productType = "com.apple.product-type.bundle.unit-test";
		};
		62EAF2F31D6AE2AE00AA2F71 /* HCTableViewSectionIndexUITests */ = {
			isa = PBXNativeTarget;
			buildConfigurationList = 62EAF3031D6AE2AE00AA2F71 /* Build configuration list for PBXNativeTarget "HCTableViewSectionIndexUITests" */;
			buildPhases = (
				62EAF2F01D6AE2AE00AA2F71 /* Sources */,
				62EAF2F11D6AE2AE00AA2F71 /* Frameworks */,
				62EAF2F21D6AE2AE00AA2F71 /* Resources */,
			);
			buildRules = (
			);
			dependencies = (
				62EAF2F61D6AE2AE00AA2F71 /* PBXTargetDependency */,
			);
			name = HCTableViewSectionIndexUITests;
			productName = HCTableViewSectionIndexUITests;
			productReference = 62EAF2F41D6AE2AE00AA2F71 /* HCTableViewSectionIndexUITests.xctest */;
			productType = "com.apple.product-type.bundle.ui-testing";
		};
/* End PBXNativeTarget section */

/* Begin PBXProject section */
		62EAF2C81D6AE2AE00AA2F71 /* Project object */ = {
			isa = PBXProject;
			attributes = {
				LastUpgradeCheck = 0730;
				ORGANIZATIONNAME = "光";
				TargetAttributes = {
					62EAF2CF1D6AE2AE00AA2F71 = {
						CreatedOnToolsVersion = 7.3.1;
					};
					62EAF2E81D6AE2AE00AA2F71 = {
						CreatedOnToolsVersion = 7.3.1;
						TestTargetID = 62EAF2CF1D6AE2AE00AA2F71;
					};
					62EAF2F31D6AE2AE00AA2F71 = {
						CreatedOnToolsVersion = 7.3.1;
						TestTargetID = 62EAF2CF1D6AE2AE00AA2F71;
					};
				};
			};
			buildConfigurationList = 62EAF2CB1D6AE2AE00AA2F71 /* Build configuration list for PBXProject "HCTableViewSectionIndex" */;
			compatibilityVersion = "Xcode 3.2";
			developmentRegion = English;
			hasScannedForEncodings = 0;
			knownRegions = (
				en,
				Base,
			);
			mainGroup = 62EAF2C71D6AE2AE00AA2F71;
			productRefGroup = 62EAF2D11D6AE2AE00AA2F71 /* Products */;
			projectDirPath = "";
			projectRoot = "";
			targets = (
				62EAF2CF1D6AE2AE00AA2F71 /* HCTableViewSectionIndex */,
				62EAF2E81D6AE2AE00AA2F71 /* HCTableViewSectionIndexTests */,
				62EAF2F31D6AE2AE00AA2F71 /* HCTableViewSectionIndexUITests */,
			);
		};
/* End PBXProject section */

/* Begin PBXResourcesBuildPhase section */
		62EAF2CE1D6AE2AE00AA2F71 /* Resources */ = {
			isa = PBXResourcesBuildPhase;
			buildActionMask = 2147483647;
			files = (
				62EAF2E31D6AE2AE00AA2F71 /* LaunchScreen.storyboard in Resources */,
				62EAF2E01D6AE2AE00AA2F71 /* Assets.xcassets in Resources */,
				62EAF2DE1D6AE2AE00AA2F71 /* Main.storyboard in Resources */,
				62EAF3391D6AFF5900AA2F71 /* 1.png in Resources */,
			);
			runOnlyForDeploymentPostprocessing = 0;
		};
		62EAF2E71D6AE2AE00AA2F71 /* Resources */ = {
			isa = PBXResourcesBuildPhase;
			buildActionMask = 2147483647;
			files = (
			);
			runOnlyForDeploymentPostprocessing = 0;
		};
		62EAF2F21D6AE2AE00AA2F71 /* Resources */ = {
			isa = PBXResourcesBuildPhase;
			buildActionMask = 2147483647;
			files = (
			);
			runOnlyForDeploymentPostprocessing = 0;
		};
/* End PBXResourcesBuildPhase section */

/* Begin PBXSourcesBuildPhase section */
		62EAF2CC1D6AE2AE00AA2F71 /* Sources */ = {
			isa = PBXSourcesBuildPhase;
			buildActionMask = 2147483647;
			files = (
				62EAF3301D6AEBDE00AA2F71 /* JSONHTTPClient.m in Sources */,
				62EAF30D1D6AE69200AA2F71 /* SpellDataHelper.m in Sources */,
				62EAF32C1D6AEBDE00AA2F71 /* JSONModelClassProperty.m in Sources */,
				62EAF2DB1D6AE2AE00AA2F71 /* ViewController.m in Sources */,
				62EAF3321D6AEBDE00AA2F71 /* JSONKeyMapper.m in Sources */,
				62EAF32D1D6AEBDE00AA2F71 /* JSONModelError.m in Sources */,
				62EAF3361D6AEC0500AA2F71 /* YourModel.m in Sources */,
				62EAF2D81D6AE2AE00AA2F71 /* AppDelegate.m in Sources */,
				62EAF32A1D6AEBDE00AA2F71 /* JSONModel.m in Sources */,
				62EAF3331D6AEBDE00AA2F71 /* JSONValueTransformer.m in Sources */,
				62EAF32E1D6AEBDE00AA2F71 /* NSArray+JSONModel.m in Sources */,
				62EAF3311D6AEBDE00AA2F71 /* JSONModel+networking.m in Sources */,
				62EAF30A1D6AE50100AA2F71 /* NSString+Spell.m in Sources */,
				62EAF2D51D6AE2AE00AA2F71 /* main.m in Sources */,
				62EAF32F1D6AEBDE00AA2F71 /* JSONAPI.m in Sources */,
				62EAF32B1D6AEBDE00AA2F71 /* JSONModelArray.m in Sources */,
			);
			runOnlyForDeploymentPostprocessing = 0;
		};
		62EAF2E51D6AE2AE00AA2F71 /* Sources */ = {
			isa = PBXSourcesBuildPhase;
			buildActionMask = 2147483647;
			files = (
				62EAF2EE1D6AE2AE00AA2F71 /* HCTableViewSectionIndexTests.m in Sources */,
			);
			runOnlyForDeploymentPostprocessing = 0;
		};
		62EAF2F01D6AE2AE00AA2F71 /* Sources */ = {
			isa = PBXSourcesBuildPhase;
			buildActionMask = 2147483647;
			files = (
				62EAF2F91D6AE2AE00AA2F71 /* HCTableViewSectionIndexUITests.m in Sources */,
			);
			runOnlyForDeploymentPostprocessing = 0;
		};
/* End PBXSourcesBuildPhase section */

/* Begin PBXTargetDependency section */
		62EAF2EB1D6AE2AE00AA2F71 /* PBXTargetDependency */ = {
			isa = PBXTargetDependency;
			target = 62EAF2CF1D6AE2AE00AA2F71 /* HCTableViewSectionIndex */;
			targetProxy = 62EAF2EA1D6AE2AE00AA2F71 /* PBXContainerItemProxy */;
		};
		62EAF2F61D6AE2AE00AA2F71 /* PBXTargetDependency */ = {
			isa = PBXTargetDependency;
			target = 62EAF2CF1D6AE2AE00AA2F71 /* HCTableViewSectionIndex */;
			targetProxy = 62EAF2F51D6AE2AE00AA2F71 /* PBXContainerItemProxy */;
		};
/* End PBXTargetDependency section */

/* Begin PBXVariantGroup section */
		62EAF2DC1D6AE2AE00AA2F71 /* Main.storyboard */ = {
			isa = PBXVariantGroup;
			children = (
				62EAF2DD1D6AE2AE00AA2F71 /* Base */,
			);
			name = Main.storyboard;
			sourceTree = "<group>";
		};
		62EAF2E11D6AE2AE00AA2F71 /* LaunchScreen.storyboard */ = {
			isa = PBXVariantGroup;
			children = (
				62EAF2E21D6AE2AE00AA2F71 /* Base */,
			);
			name = LaunchScreen.storyboard;
			sourceTree = "<group>";
		};
/* End PBXVariantGroup section */

/* Begin XCBuildConfiguration section */
		62EAF2FB1D6AE2AE00AA2F71 /* Debug */ = {
			isa = XCBuildConfiguration;
			buildSettings = {
				ALWAYS_SEARCH_USER_PATHS = NO;
				CLANG_ANALYZER_NONNULL = YES;
				CLANG_CXX_LANGUAGE_STANDARD = "gnu++0x";
				CLANG_CXX_LIBRARY = "libc++";
				CLANG_ENABLE_MODULES = YES;
				CLANG_ENABLE_OBJC_ARC = YES;
				CLANG_WARN_BOOL_CONVERSION = YES;
				CLANG_WARN_CONSTANT_CONVERSION = YES;
				CLANG_WARN_DIRECT_OBJC_ISA_USAGE = YES_ERROR;
				CLANG_WARN_EMPTY_BODY = YES;
				CLANG_WARN_ENUM_CONVERSION = YES;
				CLANG_WARN_INT_CONVERSION = YES;
				CLANG_WARN_OBJC_ROOT_CLASS = YES_ERROR;
				CLANG_WARN_UNREACHABLE_CODE = YES;
				CLANG_WARN__DUPLICATE_METHOD_MATCH = YES;
				"CODE_SIGN_IDENTITY[sdk=iphoneos*]" = "iPhone Developer";
				COPY_PHASE_STRIP = NO;
				DEBUG_INFORMATION_FORMAT = dwarf;
				ENABLE_STRICT_OBJC_MSGSEND = YES;
				ENABLE_TESTABILITY = YES;
				GCC_C_LANGUAGE_STANDARD = gnu99;
				GCC_DYNAMIC_NO_PIC = NO;
				GCC_NO_COMMON_BLOCKS = YES;
				GCC_OPTIMIZATION_LEVEL = 0;
				GCC_PREPROCESSOR_DEFINITIONS = (
					"DEBUG=1",
					"$(inherited)",
				);
				GCC_WARN_64_TO_32_BIT_CONVERSION = YES;
				GCC_WARN_ABOUT_RETURN_TYPE = YES_ERROR;
				GCC_WARN_UNDECLARED_SELECTOR = YES;
				GCC_WARN_UNINITIALIZED_AUTOS = YES_AGGRESSIVE;
				GCC_WARN_UNUSED_FUNCTION = YES;
				GCC_WARN_UNUSED_VARIABLE = YES;
				IPHONEOS_DEPLOYMENT_TARGET = 9.3;
				MTL_ENABLE_DEBUG_INFO = YES;
				ONLY_ACTIVE_ARCH = YES;
				SDKROOT = iphoneos;
			};
			name = Debug;
		};
		62EAF2FC1D6AE2AE00AA2F71 /* Release */ = {
			isa = XCBuildConfiguration;
			buildSettings = {
				ALWAYS_SEARCH_USER_PATHS = NO;
				CLANG_ANALYZER_NONNULL = YES;
				CLANG_CXX_LANGUAGE_STANDARD = "gnu++0x";
				CLANG_CXX_LIBRARY = "libc++";
				CLANG_ENABLE_MODULES = YES;
				CLANG_ENABLE_OBJC_ARC = YES;
				CLANG_WARN_BOOL_CONVERSION = YES;
				CLANG_WARN_CONSTANT_CONVERSION = YES;
				CLANG_WARN_DIRECT_OBJC_ISA_USAGE = YES_ERROR;
				CLANG_WARN_EMPTY_BODY = YES;
				CLANG_WARN_ENUM_CONVERSION = YES;
				CLANG_WARN_INT_CONVERSION = YES;
				CLANG_WARN_OBJC_ROOT_CLASS = YES_ERROR;
				CLANG_WARN_UNREACHABLE_CODE = YES;
				CLANG_WARN__DUPLICATE_METHOD_MATCH = YES;
				"CODE_SIGN_IDENTITY[sdk=iphoneos*]" = "iPhone Developer";
				COPY_PHASE_STRIP = NO;
				DEBUG_INFORMATION_FORMAT = "dwarf-with-dsym";
				ENABLE_NS_ASSERTIONS = NO;
				ENABLE_STRICT_OBJC_MSGSEND = YES;
				GCC_C_LANGUAGE_STANDARD = gnu99;
				GCC_NO_COMMON_BLOCKS = YES;
				GCC_WARN_64_TO_32_BIT_CONVERSION = YES;
				GCC_WARN_ABOUT_RETURN_TYPE = YES_ERROR;
				GCC_WARN_UNDECLARED_SELECTOR = YES;
				GCC_WARN_UNINITIALIZED_AUTOS = YES_AGGRESSIVE;
				GCC_WARN_UNUSED_FUNCTION = YES;
				GCC_WARN_UNUSED_VARIABLE = YES;
				IPHONEOS_DEPLOYMENT_TARGET = 9.3;
				MTL_ENABLE_DEBUG_INFO = NO;
				SDKROOT = iphoneos;
				VALIDATE_PRODUCT = YES;
			};
			name = Release;
		};
		62EAF2FE1D6AE2AE00AA2F71 /* Debug */ = {
			isa = XCBuildConfiguration;
			buildSettings = {
				ASSETCATALOG_COMPILER_APPICON_NAME = AppIcon;
				INFOPLIST_FILE = HCTableViewSectionIndex/Info.plist;
				IPHONEOS_DEPLOYMENT_TARGET = 7.1;
				LD_RUNPATH_SEARCH_PATHS = "$(inherited) @executable_path/Frameworks";
				PRODUCT_BUNDLE_IDENTIFIER = com.guang.www.HCTableViewSectionIndex;
				PRODUCT_NAME = "$(TARGET_NAME)";
			};
			name = Debug;
		};
		62EAF2FF1D6AE2AE00AA2F71 /* Release */ = {
			isa = XCBuildConfiguration;
			buildSettings = {
				ASSETCATALOG_COMPILER_APPICON_NAME = AppIcon;
				INFOPLIST_FILE = HCTableViewSectionIndex/Info.plist;
				IPHONEOS_DEPLOYMENT_TARGET = 7.1;
				LD_RUNPATH_SEARCH_PATHS = "$(inherited) @executable_path/Frameworks";
				PRODUCT_BUNDLE_IDENTIFIER = com.guang.www.HCTableViewSectionIndex;
				PRODUCT_NAME = "$(TARGET_NAME)";
			};
			name = Release;
		};
		62EAF3011D6AE2AE00AA2F71 /* Debug */ = {
			isa = XCBuildConfiguration;
			buildSettings = {
				BUNDLE_LOADER = "$(TEST_HOST)";
				INFOPLIST_FILE = HCTableViewSectionIndexTests/Info.plist;
				LD_RUNPATH_SEARCH_PATHS = "$(inherited) @executable_path/Frameworks @loader_path/Frameworks";
				PRODUCT_BUNDLE_IDENTIFIER = com.guang.www.HCTableViewSectionIndexTests;
				PRODUCT_NAME = "$(TARGET_NAME)";
				TEST_HOST = "$(BUILT_PRODUCTS_DIR)/HCTableViewSectionIndex.app/HCTableViewSectionIndex";
			};
			name = Debug;
		};
		62EAF3021D6AE2AE00AA2F71 /* Release */ = {
			isa = XCBuildConfiguration;
			buildSettings = {
				BUNDLE_LOADER = "$(TEST_HOST)";
				INFOPLIST_FILE = HCTableViewSectionIndexTests/Info.plist;
				LD_RUNPATH_SEARCH_PATHS = "$(inherited) @executable_path/Frameworks @loader_path/Frameworks";
				PRODUCT_BUNDLE_IDENTIFIER = com.guang.www.HCTableViewSectionIndexTests;
				PRODUCT_NAME = "$(TARGET_NAME)";
				TEST_HOST = "$(BUILT_PRODUCTS_DIR)/HCTableViewSectionIndex.app/HCTableViewSectionIndex";
			};
			name = Release;
		};
		62EAF3041D6AE2AE00AA2F71 /* Debug */ = {
			isa = XCBuildConfiguration;
			buildSettings = {
				INFOPLIST_FILE = HCTableViewSectionIndexUITests/Info.plist;
				LD_RUNPATH_SEARCH_PATHS = "$(inherited) @executable_path/Frameworks @loader_path/Frameworks";
				PRODUCT_BUNDLE_IDENTIFIER = com.guang.www.HCTableViewSectionIndexUITests;
				PRODUCT_NAME = "$(TARGET_NAME)";
				TEST_TARGET_NAME = HCTableViewSectionIndex;
			};
			name = Debug;
		};
		62EAF3051D6AE2AE00AA2F71 /* Release */ = {
			isa = XCBuildConfiguration;
			buildSettings = {
				INFOPLIST_FILE = HCTableViewSectionIndexUITests/Info.plist;
				LD_RUNPATH_SEARCH_PATHS = "$(inherited) @executable_path/Frameworks @loader_path/Frameworks";
				PRODUCT_BUNDLE_IDENTIFIER = com.guang.www.HCTableViewSectionIndexUITests;
				PRODUCT_NAME = "$(TARGET_NAME)";
				TEST_TARGET_NAME = HCTableViewSectionIndex;
			};
			name = Release;
		};
/* End XCBuildConfiguration section */

/* Begin XCConfigurationList section */
		62EAF2CB1D6AE2AE00AA2F71 /* Build configuration list for PBXProject "HCTableViewSectionIndex" */ = {
			isa = XCConfigurationList;
			buildConfigurations = (
				62EAF2FB1D6AE2AE00AA2F71 /* Debug */,
				62EAF2FC1D6AE2AE00AA2F71 /* Release */,
			);
			defaultConfigurationIsVisible = 0;
			defaultConfigurationName = Release;
		};
		62EAF2FD1D6AE2AE00AA2F71 /* Build configuration list for PBXNativeTarget "HCTableViewSectionIndex" */ = {
			isa = XCConfigurationList;
			buildConfigurations = (
				62EAF2FE1D6AE2AE00AA2F71 /* Debug */,
				62EAF2FF1D6AE2AE00AA2F71 /* Release */,
			);
			defaultConfigurationIsVisible = 0;
			defaultConfigurationName = Release;
		};
		62EAF3001D6AE2AE00AA2F71 /* Build configuration list for PBXNativeTarget "HCTableViewSectionIndexTests" */ = {
			isa = XCConfigurationList;
			buildConfigurations = (
				62EAF3011D6AE2AE00AA2F71 /* Debug */,
				62EAF3021D6AE2AE00AA2F71 /* Release */,
			);
			defaultConfigurationIsVisible = 0;
			defaultConfigurationName = Release;
		};
		62EAF3031D6AE2AE00AA2F71 /* Build configuration list for PBXNativeTarget "HCTableViewSectionIndexUITests" */ = {
			isa = XCConfigurationList;
			buildConfigurations = (
				62EAF3041D6AE2AE00AA2F71 /* Debug */,
				62EAF3051D6AE2AE00AA2F71 /* Release */,
			);
			defaultConfigurationIsVisible = 0;
			defaultConfigurationName = Release;
		};
/* End XCConfigurationList section */
	};
	rootObject = 62EAF2C81D6AE2AE00AA2F71 /* Project object */;
}
